
Microsoft Visual Studio Solution File, Format Version 12.00
# Visual Studio Version 16
VisualStudioVersion = 16.0.30114.105
MinimumVisualStudioVersion = 10.0.40219.1
Project("{FAE04EC0-301F-11D3-BF4B-00C04F79EFBC}") = "API", "API\API.csproj", "{B2768298-A6B2-4C4C-BE50-DD0D5F0C52DC}"
EndProject
Project("{FAE04EC0-301F-11D3-BF4B-00C04F79EFBC}") = "Infrastructure", "Infrastructure\Infrastructure.csproj", "{ED84CA68-57D8-48BA-9B73-73FF900EAD04}"
EndProject
Project("{FAE04EC0-301F-11D3-BF4B-00C04F79EFBC}") = "Core", "Core\Core.csproj", "{81F0BFBD-885B-4206-9B9C-12B9C4974400}"
EndProject
Project("{FAE04EC0-301F-11D3-BF4B-00C04F79EFBC}") = "BlazorServerClient", "BlazorServerClient\BlazorServerClient.csproj", "{1F626EBF-C7DA-4BF3-A991-3A00B726EE3F}"
EndProject
Project("{FAE04EC0-301F-11D3-BF4B-00C04F79EFBC}") = "IDP", "IDP\IDP.csproj", "{233B766C-19F2-42AD-8D32-4906C45A9864}"
EndProject
Global
	GlobalSection(SolutionConfigurationPlatforms) = preSolution
		Debug|Any CPU = Debug|Any CPU
		Debug|x64 = Debug|x64
		Debug|x86 = Debug|x86
		Release|Any CPU = Release|Any CPU
		Release|x64 = Release|x64
		Release|x86 = Release|x86
	EndGlobalSection
	GlobalSection(SolutionProperties) = preSolution
		HideSolutionNode = FALSE
	EndGlobalSection
	GlobalSection(ProjectConfigurationPlatforms) = postSolution
		{B2768298-A6B2-4C4C-BE50-DD0D5F0C52DC}.Debug|Any CPU.ActiveCfg = Debug|Any CPU
		{B2768298-A6B2-4C4C-BE50-DD0D5F0C52DC}.Debug|Any CPU.Build.0 = Debug|Any CPU
		{B2768298-A6B2-4C4C-BE50-DD0D5F0C52DC}.Debug|x64.ActiveCfg = Debug|Any CPU
		{B2768298-A6B2-4C4C-BE50-DD0D5F0C52DC}.Debug|x64.Build.0 = Debug|Any CPU
		{B2768298-A6B2-4C4C-BE50-DD0D5F0C52DC}.Debug|x86.ActiveCfg = Debug|Any CPU
		{B2768298-A6B2-4C4C-BE50-DD0D5F0C52DC}.Debug|x86.Build.0 = Debug|Any CPU
		{B2768298-A6B2-4C4C-BE50-DD0D5F0C52DC}.Release|Any CPU.ActiveCfg = Release|Any CPU
		{B2768298-A6B2-4C4C-BE50-DD0D5F0C52DC}.Release|Any CPU.Build.0 = Release|Any CPU
		{B2768298-A6B2-4C4C-BE50-DD0D5F0C52DC}.Release|x64.ActiveCfg = Release|Any CPU
		{B2768298-A6B2-4C4C-BE50-DD0D5F0C52DC}.Release|x64.Build.0 = Release|Any CPU
		{B2768298-A6B2-4C4C-BE50-DD0D5F0C52DC}.Release|x86.ActiveCfg = Release|Any CPU
		{B2768298-A6B2-4C4C-BE50-DD0D5F0C52DC}.Release|x86.Build.0 = Release|Any CPU
		{ED84CA68-57D8-48BA-9B73-73FF900EAD04}.Debug|Any CPU.ActiveCfg = Debug|Any CPU
		{ED84CA68-57D8-48BA-9B73-73FF900EAD04}.Debug|Any CPU.Build.0 = Debug|Any CPU
		{ED84CA68-57D8-48BA-9B73-73FF900EAD04}.Debug|x64.ActiveCfg = Debug|Any CPU
		{ED84CA68-57D8-48BA-9B73-73FF900EAD04}.Debug|x64.Build.0 = Debug|Any CPU
		{ED84CA68-57D8-48BA-9B73-73FF900EAD04}.Debug|x86.ActiveCfg = Debug|Any CPU
		{ED84CA68-57D8-48BA-9B73-73FF900EAD04}.Debug|x86.Build.0 = Debug|Any CPU
		{ED84CA68-57D8-48BA-9B73-73FF900EAD04}.Release|Any CPU.ActiveCfg = Release|Any CPU
		{ED84CA68-57D8-48BA-9B73-73FF900EAD04}.Release|Any CPU.Build.0 = Release|Any CPU
		{ED84CA68-57D8-48BA-9B73-73FF900EAD04}.Release|x64.ActiveCfg = Release|Any CPU
		{ED84CA68-57D8-48BA-9B73-73FF900EAD04}.Release|x64.Build.0 = Release|Any CPU
		{ED84CA68-57D8-48BA-9B73-73FF900EAD04}.Release|x86.ActiveCfg = Release|Any CPU
		{ED84CA68-57D8-48BA-9B73-73FF900EAD04}.Release|x86.Build.0 = Release|Any CPU
		{81F0BFBD-885B-4206-9B9C-12B9C4974400}.Debug|Any CPU.ActiveCfg = Debug|Any CPU
		{81F0BFBD-885B-4206-9B9C-12B9C4974400}.Debug|Any CPU.Build.0 = Debug|Any CPU
		{81F0BFBD-885B-4206-9B9C-12B9C4974400}.Debug|x64.ActiveCfg = Debug|Any CPU
		{81F0BFBD-885B-4206-9B9C-12B9C4974400}.Debug|x64.Build.0 = Debug|Any CPU
		{81F0BFBD-885B-4206-9B9C-12B9C4974400}.Debug|x86.ActiveCfg = Debug|Any CPU
		{81F0BFBD-885B-4206-9B9C-12B9C4974400}.Debug|x86.Build.0 = Debug|Any CPU
		{81F0BFBD-885B-4206-9B9C-12B9C4974400}.Release|Any CPU.ActiveCfg = Release|Any CPU
		{81F0BFBD-885B-4206-9B9C-12B9C4974400}.Release|Any CPU.Build.0 = Release|Any CPU
		{81F0BFBD-885B-4206-9B9C-12B9C4974400}.Release|x64.ActiveCfg = Release|Any CPU
		{81F0BFBD-885B-4206-9B9C-12B9C4974400}.Release|x64.Build.0 = Release|Any CPU
		{81F0BFBD-885B-4206-9B9C-12B9C4974400}.Release|x86.ActiveCfg = Release|Any CPU
		{81F0BFBD-885B-4206-9B9C-12B9C4974400}.Release|x86.Build.0 = Release|Any CPU
		{1F626EBF-C7DA-4BF3-A991-3A00B726EE3F}.Debug|Any CPU.ActiveCfg = Debug|Any CPU
		{1F626EBF-C7DA-4BF3-A991-3A00B726EE3F}.Debug|Any CPU.Build.0 = Debug|Any CPU
		{1F626EBF-C7DA-4BF3-A991-3A00B726EE3F}.Debug|x64.ActiveCfg = Debug|Any CPU
		{1F626EBF-C7DA-4BF3-A991-3A00B726EE3F}.Debug|x64.Build.0 = Debug|Any CPU
		{1F626EBF-C7DA-4BF3-A991-3A00B726EE3F}.Debug|x86.ActiveCfg = Debug|Any CPU
		{1F626EBF-C7DA-4BF3-A991-3A00B726EE3F}.Debug|x86.Build.0 = Debug|Any CPU
		{1F626EBF-C7DA-4BF3-A991-3A00B726EE3F}.Release|Any CPU.ActiveCfg = Release|Any CPU
		{1F626EBF-C7DA-4BF3-A991-3A00B726EE3F}.Release|Any CPU.Build.0 = Release|Any CPU
		{1F626EBF-C7DA-4BF3-A991-3A00B726EE3F}.Release|x64.ActiveCfg = Release|Any CPU
		{1F626EBF-C7DA-4BF3-A991-3A00B726EE3F}.Release|x64.Build.0 = Release|Any CPU
		{1F626EBF-C7DA-4BF3-A991-3A00B726EE3F}.Release|x86.ActiveCfg = Release|Any CPU
		{1F626EBF-C7DA-4BF3-A991-3A00B726EE3F}.Release|x86.Build.0 = Release|Any CPU
		{233B766C-19F2-42AD-8D32-4906C45A9864}.Debug|Any CPU.ActiveCfg = Debug|Any CPU
		{233B766C-19F2-42AD-8D32-4906C45A9864}.Debug|Any CPU.Build.0 = Debug|Any CPU
		{233B766C-19F2-42AD-8D32-4906C45A9864}.Debug|x64.ActiveCfg = Debug|Any CPU
		{233B766C-19F2-42AD-8D32-4906C45A9864}.Debug|x64.Build.0 = Debug|Any CPU
		{233B766C-19F2-42AD-8D32-4906C45A9864}.Debug|x86.ActiveCfg = Debug|Any CPU
		{233B766C-19F2-42AD-8D32-4906C45A9864}.Debug|x86.Build.0 = Debug|Any CPU
		{233B766C-19F2-42AD-8D32-4906C45A9864}.Release|Any CPU.ActiveCfg = Release|Any CPU
		{233B766C-19F2-42AD-8D32-4906C45A9864}.Release|Any CPU.Build.0 = Release|Any CPU
		{233B766C-19F2-42AD-8D32-4906C45A9864}.Release|x64.ActiveCfg = Release|Any CPU
		{233B766C-19F2-42AD-8D32-4906C45A9864}.Release|x64.Build.0 = Release|Any CPU
		{233B766C-19F2-42AD-8D32-4906C45A9864}.Release|x86.ActiveCfg = Release|Any CPU
		{233B766C-19F2-42AD-8D32-4906C45A9864}.Release|x86.Build.0 = Release|Any CPU
	EndGlobalSection
EndGlobal
